
Microsoft Visual Studio Solution File, Format Version 12.00
# Visual Studio Version 17
VisualStudioVersion = 17.2.32616.157
MinimumVisualStudioVersion = 10.0.40219.1
Project("{FAE04EC0-301F-11D3-BF4B-00C04F79EFBC}") = "Lab_4_2_02", "Lab_4_2_02.csproj", "{2F11FBE6-E077-48A7-B79D-8E6BA80134C8}"
EndProject
Global
	GlobalSection(SolutionConfigurationPlatforms) = preSolution
		Debug|Any CPU = Debug|Any CPU
		Release|Any CPU = Release|Any CPU
	EndGlobalSection
	GlobalSection(ProjectConfigurationPlatforms) = postSolution
		{2F11FBE6-E077-48A7-B79D-8E6BA80134C8}.Debug|Any CPU.ActiveCfg = Debug|Any CPU
		{2F11FBE6-E077-48A7-B79D-8E6BA80134C8}.Debug|Any CPU.Build.0 = Debug|Any CPU
		{2F11FBE6-E077-48A7-B79D-8E6BA80134C8}.Release|Any CPU.ActiveCfg = Release|Any CPU
		{2F11FBE6-E077-48A7-B79D-8E6BA80134C8}.Release|Any CPU.Build.0 = Release|Any CPU
	EndGlobalSection
	GlobalSection(SolutionProperties) = preSolution
		HideSolutionNode = FALSE
	EndGlobalSection
	GlobalSection(ExtensibilityGlobals) = postSolution
		SolutionGuid = {2FA233C2-01E7-4D4A-9FF3-12A30DC1ACFA}
	EndGlobalSection
EndGlobal
